
Microsoft Visual Studio Solution File, Format Version 12.00
# Visual Studio Version 17
VisualStudioVersion = 17.9.34728.123
MinimumVisualStudioVersion = 10.0.40219.1
Project("{FAE04EC0-301F-11D3-BF4B-00C04F79EFBC}") = "TwUiEd.Core", "TwUiEd.Core\TwUiEd.Core.csproj", "{9EF81728-8CE9-40EB-A698-3F36C44DC16B}"
EndProject
Global
	GlobalSection(SolutionConfigurationPlatforms) = preSolution
		Debug|Any CPU = Debug|Any CPU
		Release|Any CPU = Release|Any CPU
	EndGlobalSection
	GlobalSection(ProjectConfigurationPlatforms) = postSolution
		{9EF81728-8CE9-40EB-A698-3F36C44DC16B}.Debug|Any CPU.ActiveCfg = Debug|Any CPU
		{9EF81728-8CE9-40EB-A698-3F36C44DC16B}.Debug|Any CPU.Build.0 = Debug|Any CPU
		{9EF81728-8CE9-40EB-A698-3F36C44DC16B}.Release|Any CPU.ActiveCfg = Release|Any CPU
		{9EF81728-8CE9-40EB-A698-3F36C44DC16B}.Release|Any CPU.Build.0 = Release|Any CPU
	EndGlobalSection
	GlobalSection(SolutionProperties) = preSolution
		HideSolutionNode = FALSE
	EndGlobalSection
	GlobalSection(ExtensibilityGlobals) = postSolution
		SolutionGuid = {CE723833-7142-40AF-9EA1-BD103B24BAFB}
	EndGlobalSection
EndGlobal
